
Microsoft Visual Studio Solution File, Format Version 12.00
# Visual Studio Version 17
VisualStudioVersion = 17.9.34622.214
MinimumVisualStudioVersion = 10.0.40219.1
Project("{9A19103F-16F7-4668-BE54-9A1E7A4F7556}") = "BadmintonBookingApp", "BadmintonBookingApp\BadmintonBookingApp.csproj", "{CEDF4FFC-C8C4-4C4A-8685-CF875E07475A}"
EndProject
Global
	GlobalSection(SolutionConfigurationPlatforms) = preSolution
		Debug|Any CPU = Debug|Any CPU
		Release|Any CPU = Release|Any CPU
	EndGlobalSection
	GlobalSection(ProjectConfigurationPlatforms) = postSolution
		{CEDF4FFC-C8C4-4C4A-8685-CF875E07475A}.Debug|Any CPU.ActiveCfg = Debug|Any CPU
		{CEDF4FFC-C8C4-4C4A-8685-CF875E07475A}.Debug|Any CPU.Build.0 = Debug|Any CPU
		{CEDF4FFC-C8C4-4C4A-8685-CF875E07475A}.Release|Any CPU.ActiveCfg = Release|Any CPU
		{CEDF4FFC-C8C4-4C4A-8685-CF875E07475A}.Release|Any CPU.Build.0 = Release|Any CPU
	EndGlobalSection
	GlobalSection(SolutionProperties) = preSolution
		HideSolutionNode = FALSE
	EndGlobalSection
	GlobalSection(ExtensibilityGlobals) = postSolution
		SolutionGuid = {8DFE9BA2-D7D0-4CD5-915A-D30C0FDBC58B}
	EndGlobalSection
EndGlobal
